// !$*UTF8*$!
{
	archiveVersion = 1;
	classes = {
	};
	objectVersion = 77;
	objects = {

/* Begin PBXContainerItemProxy section */
		B2E94DBD2F0F64B7005D4675 /* PBXContainerItemProxy */ = {
			isa = PBXContainerItemProxy;
			containerPortal = B2E94DA72F0F64B2005D4675 /* Project object */;
			proxyType = 1;
			remoteGlobalIDString = B2E94DAE2F0F64B2005D4675;
			remoteInfo = Dialed;
		};
		B2E94DC72F0F64B7005D4675 /* PBXContainerItemProxy */ = {
			isa = PBXContainerItemProxy;
			containerPortal = B2E94DA72F0F64B2005D4675 /* Project object */;
			proxyType = 1;
			remoteGlobalIDString = B2E94DAE2F0F64B2005D4675;
			remoteInfo = Dialed;
		};
/* End PBXContainerItemProxy section */

/* Begin PBXFileReference section */
		B2E94DAF2F0F64B2005D4675 /* Dialed.app */ = {isa = PBXFileReference; explicitFileType = wrapper.application; includeInIndex = 0; path = Dialed.app; sourceTree = BUILT_PRODUCTS_DIR; };
		B2E94DBC2F0F64B7005D4675 /* DialedTests.xctest */ = {isa = PBXFileReference; explicitFileType = wrapper.cfbundle; includeInIndex = 0; path = DialedTests.xctest; sourceTree = BUILT_PRODUCTS_DIR; };
		B2E94DC62F0F64B7005D4675 /* DialedUITests.xctest */ = {isa = PBXFileReference; explicitFileType = wrapper.cfbundle; includeInIndex = 0; path = DialedUITests.xctest; sourceTree = BUILT_PRODUCTS_DIR; };
/* End PBXFileReference section */

/* Begin PBXFileSystemSynchronizedRootGroup section */
		B2E94DB12F0F64B2005D4675 /* Dialed */ = {
			isa = PBXFileSystemSynchronizedRootGroup;
			path = Dialed;
			sourceTree = "<group>";
		};
		B2E94DBF2F0F64B7005D4675 /* DialedTests */ = {
			isa = PBXFileSystemSynchronizedRootGroup;
			path = DialedTests;
			sourceTree = "<group>";
		};
		B2E94DC92F0F64B7005D4675 /* DialedUITests */ = {
			isa = PBXFileSystemSynchronizedRootGroup;
			path = DialedUITests;
			sourceTree = "<group>";
		};
/* End PBXFileSystemSynchronizedRootGroup section */

/* Begin PBXFrameworksBuildPhase section */
		B2E94DAC2F0F64B2005D4675 /* Frameworks */ = {
			isa = PBXFrameworksBuildPhase;
			buildActionMask = 2147483647;
			files = (
			);
			runOnlyForDeploymentPostprocessing = 0;
		};
		B2E94DB92F0F64B7005D4675 /* Frameworks */ = {
			isa = PBXFrameworksBuildPhase;
			buildActionMask = 2147483647;
			files = (
			);
			runOnlyForDeploymentPostprocessing = 0;
		};
		B2E94DC32F0F64B7005D4675 /* Frameworks */ = {
			isa = PBXFrameworksBuildPhase;
			buildActionMask = 2147483647;
			files = (
			);
			runOnlyForDeploymentPostprocessing = 0;
		};
/* End PBXFrameworksBuildPhase section */

/* Begin PBXGroup section */
		B2E94DA62F0F64B2005D4675 = {
			isa = PBXGroup;
			children = (
				B2E94DB12F0F64B2005D4675 /* Dialed */,
				B2E94DBF2F0F64B7005D4675 /* DialedTests */,
				B2E94DC92F0F64B7005D4675 /* DialedUITests */,
				B2E94DB02F0F64B2005D4675 /* Products */,
			);
			sourceTree = "<group>";
		};
		B2E94DB02F0F64B2005D4675 /* Products */ = {
			isa = PBXGroup;
			children = (
				B2E94DAF2F0F64B2005D4675 /* Dialed.app */,
				B2E94DBC2F0F64B7005D4675 /* DialedTests.xctest */,
				B2E94DC62F0F64B7005D4675 /* DialedUITests.xctest */,
			);
			name = Products;
			sourceTree = "<group>";
		};
/* End PBXGroup section */

/* Begin PBXNativeTarget section */
		B2E94DAE2F0F64B2005D4675 /* Dialed */ = {
			isa = PBXNativeTarget;
			buildConfigurationList = B2E94DD02F0F64B7005D4675 /* Build configuration list for PBXNativeTarget "Dialed" */;
			buildPhases = (
				B2E94DAB2F0F64B2005D4675 /* Sources */,
				B2E94DAC2F0F64B2005D4675 /* Frameworks */,
				B2E94DAD2F0F64B2005D4675 /* Resources */,
			);
			buildRules = (
			);
			dependencies = (
			);
			fileSystemSynchronizedGroups = (
				B2E94DB12F0F64B2005D4675 /* Dialed */,
			);
			name = Dialed;
			packageProductDependencies = (
			);
			productName = Dialed;
			productReference = B2E94DAF2F0F64B2005D4675 /* Dialed.app */;
			productType = "com.apple.product-type.application";
		};
		B2E94DBB2F0F64B7005D4675 /* DialedTests */ = {
			isa = PBXNativeTarget;
			buildConfigurationList = B2E94DD32F0F64B7005D4675 /* Build configuration list for PBXNativeTarget "DialedTests" */;
			buildPhases = (
				B2E94DB82F0F64B7005D4675 /* Sources */,
				B2E94DB92F0F64B7005D4675 /* Frameworks */,
				B2E94DBA2F0F64B7005D4675 /* Resources */,
			);
			buildRules = (
			);
			dependencies = (
				B2E94DBE2F0F64B7005D4675 /* PBXTargetDependency */,
			);
			fileSystemSynchronizedGroups = (
				B2E94DBF2F0F64B7005D4675 /* DialedTests */,
			);
			name = DialedTests;
			packageProductDependencies = (
			);
			productName = DialedTests;
			productReference = B2E94DBC2F0F64B7005D4675 /* DialedTests.xctest */;
			productType = "com.apple.product-type.bundle.unit-test";
		};
		B2E94DC52F0F64B7005D4675 /* DialedUITests */ = {
			isa = PBXNativeTarget;
			buildConfigurationList = B2E94DD62F0F64B7005D4675 /* Build configuration list for PBXNativeTarget "DialedUITests" */;
			buildPhases = (
				B2E94DC22F0F64B7005D4675 /* Sources */,
				B2E94DC32F0F64B7005D4675 /* Frameworks */,
				B2E94DC42F0F64B7005D4675 /* Resources */,
			);
			buildRules = (
			);
			dependencies = (
				B2E94DC82F0F64B7005D4675 /* PBXTargetDependency */,
			);
			fileSystemSynchronizedGroups = (
				B2E94DC92F0F64B7005D4675 /* DialedUITests */,
			);
			name = DialedUITests;
			packageProductDependencies = (
			);
			productName = DialedUITests;
			productReference = B2E94DC62F0F64B7005D4675 /* DialedUITests.xctest */;
			productType = "com.apple.product-type.bundle.ui-testing";
		};
/* End PBXNativeTarget section */

/* Begin PBXProject section */
		B2E94DA72F0F64B2005D4675 /* Project object */ = {
			isa = PBXProject;
			attributes = {
				BuildIndependentTargetsInParallel = 1;
				LastSwiftUpdateCheck = 1640;
				LastUpgradeCheck = 1640;
				TargetAttributes = {
					B2E94DAE2F0F64B2005D4675 = {
						CreatedOnToolsVersion = 16.4;
					};
					B2E94DBB2F0F64B7005D4675 = {
						CreatedOnToolsVersion = 16.4;
						TestTargetID = B2E94DAE2F0F64B2005D4675;
					};
					B2E94DC52F0F64B7005D4675 = {
						CreatedOnToolsVersion = 16.4;
						TestTargetID = B2E94DAE2F0F64B2005D4675;
					};
				};
			};
			buildConfigurationList = B2E94DAA2F0F64B2005D4675 /* Build configuration list for PBXProject "Dialed" */;
			developmentRegion = en;
			hasScannedForEncodings = 0;
			knownRegions = (
				en,
				Base,
			);
			mainGroup = B2E94DA62F0F64B2005D4675;
			minimizedProjectReferenceProxies = 1;
			preferredProjectObjectVersion = 77;
			productRefGroup = B2E94DB02F0F64B2005D4675 /* Products */;
			projectDirPath = "";
			projectRoot = "";
			targets = (
				B2E94DAE2F0F64B2005D4675 /* Dialed */,
				B2E94DBB2F0F64B7005D4675 /* DialedTests */,
				B2E94DC52F0F64B7005D4675 /* DialedUITests */,
			);
		};
/* End PBXProject section */

/* Begin PBXResourcesBuildPhase section */
		B2E94DAD2F0F64B2005D4675 /* Resources */ = {
			isa = PBXResourcesBuildPhase;
			buildActionMask = 2147483647;
			files = (
			);
			runOnlyForDeploymentPostprocessing = 0;
		};
		B2E94DBA2F0F64B7005D4675 /* Resources */ = {
			isa = PBXResourcesBuildPhase;
			buildActionMask = 2147483647;
			files = (
			);
			runOnlyForDeploymentPostprocessing = 0;
		};
		B2E94DC42F0F64B7005D4675 /* Resources */ = {
			isa = PBXResourcesBuildPhase;
			buildActionMask = 2147483647;
			files = (
			);
			runOnlyForDeploymentPostprocessing = 0;
		};
/* End PBXResourcesBuildPhase section */

/* Begin PBXSourcesBuildPhase section */
		B2E94DAB2F0F64B2005D4675 /* Sources */ = {
			isa = PBXSourcesBuildPhase;
			buildActionMask = 2147483647;
			files = (
			);
			runOnlyForDeploymentPostprocessing = 0;
		};
		B2E94DB82F0F64B7005D4675 /* Sources */ = {
			isa = PBXSourcesBuildPhase;
			buildActionMask = 2147483647;
			files = (
			);
			runOnlyForDeploymentPostprocessing = 0;
		};
		B2E94DC22F0F64B7005D4675 /* Sources */ = {
			isa = PBXSourcesBuildPhase;
			buildActionMask = 2147483647;
			files = (
			);
			runOnlyForDeploymentPostprocessing = 0;
		};
/* End PBXSourcesBuildPhase section */

/* Begin PBXTargetDependency section */
		B2E94DBE2F0F64B7005D4675 /* PBXTargetDependency */ = {
			isa = PBXTargetDependency;
			target = B2E94DAE2F0F64B2005D4675 /* Dialed */;
			targetProxy = B2E94DBD2F0F64B7005D4675 /* PBXContainerItemProxy */;
		};
		B2E94DC82F0F64B7005D4675 /* PBXTargetDependency */ = {
			isa = PBXTargetDependency;
			target = B2E94DAE2F0F64B2005D4675 /* Dialed */;
			targetProxy = B2E94DC72F0F64B7005D4675 /* PBXContainerItemProxy */;
		};
/* End PBXTargetDependency section */

/* Begin XCBuildConfiguration section */
		B2E94DCE2F0F64B7005D4675 /* Debug */ = {
			isa = XCBuildConfiguration;
			buildSettings = {
				ALWAYS_SEARCH_USER_PATHS = NO;
				ASSETCATALOG_COMPILER_GENERATE_SWIFT_ASSET_SYMBOL_EXTENSIONS = YES;
				CLANG_ANALYZER_NONNULL = YES;
				CLANG_ANALYZER_NUMBER_OBJECT_CONVERSION = YES_AGGRESSIVE;
				CLANG_CXX_LANGUAGE_STANDARD = "gnu++20";
				CLANG_ENABLE_MODULES = YES;
				CLANG_ENABLE_OBJC_ARC = YES;
				CLANG_ENABLE_OBJC_WEAK = YES;
				CLANG_WARN_BLOCK_CAPTURE_AUTORELEASING = YES;
				CLANG_WARN_BOOL_CONVERSION = YES;
				CLANG_WARN_COMMA = YES;
				CLANG_WARN_CONSTANT_CONVERSION = YES;
				CLANG_WARN_DEPRECATED_OBJC_IMPLEMENTATIONS = YES;
				CLANG_WARN_DIRECT_OBJC_ISA_USAGE = YES_ERROR;
				CLANG_WARN_DOCUMENTATION_COMMENTS = YES;
				CLANG_WARN_EMPTY_BODY = YES;
				CLANG_WARN_ENUM_CONVERSION = YES;
				CLANG_WARN_INFINITE_RECURSION = YES;
				CLANG_WARN_INT_CONVERSION = YES;
				CLANG_WARN_NON_LITERAL_NULL_CONVERSION = YES;
				CLANG_WARN_OBJC_IMPLICIT_RETAIN_SELF = YES;
				CLANG_WARN_OBJC_LITERAL_CONVERSION = YES;
				CLANG_WARN_OBJC_ROOT_CLASS = YES_ERROR;
				CLANG_WARN_QUOTED_INCLUDE_IN_FRAMEWORK_HEADER = YES;
				CLANG_WARN_RANGE_LOOP_ANALYSIS = YES;
				CLANG_WARN_STRICT_PROTOTYPES = YES;
				CLANG_WARN_SUSPICIOUS_MOVE = YES;
				CLANG_WARN_UNGUARDED_AVAILABILITY = YES_AGGRESSIVE;
				CLANG_WARN_UNREACHABLE_CODE = YES;
				CLANG_WARN__DUPLICATE_METHOD_MATCH = YES;
				COPY_PHASE_STRIP = NO;
				DEBUG_INFORMATION_FORMAT = dwarf;
				DEVELOPMENT_TEAM = NS237SS5KD;
				ENABLE_STRICT_OBJC_MSGSEND = YES;
				ENABLE_TESTABILITY = YES;
				ENABLE_USER_SCRIPT_SANDBOXING = YES;
				GCC_C_LANGUAGE_STANDARD = gnu17;
				GCC_DYNAMIC_NO_PIC = NO;
				GCC_NO_COMMON_BLOCKS = YES;
				GCC_OPTIMIZATION_LEVEL = 0;
				GCC_PREPROCESSOR_DEFINITIONS = (
					"DEBUG=1",
					"$(inherited)",
				);
				GCC_WARN_64_TO_32_BIT_CONVERSION = YES;
				GCC_WARN_ABOUT_RETURN_TYPE = YES_ERROR;
				GCC_WARN_UNDECLARED_SELECTOR = YES;
				GCC_WARN_UNINITIALIZED_AUTOS = YES_AGGRESSIVE;
				GCC_WARN_UNUSED_FUNCTION = YES;
				GCC_WARN_UNUSED_VARIABLE = YES;
				IPHONEOS_DEPLOYMENT_TARGET = 18.5;
				LOCALIZATION_PREFERS_STRING_CATALOGS = YES;
				MTL_ENABLE_DEBUG_INFO = INCLUDE_SOURCE;
				MTL_FAST_MATH = YES;
				ONLY_ACTIVE_ARCH = YES;
				SDKROOT = iphoneos;
				SWIFT_ACTIVE_COMPILATION_CONDITIONS = "DEBUG $(inherited)";
				SWIFT_OPTIMIZATION_LEVEL = "-Onone";
			};
			name = Debug;
		};
		B2E94DCF2F0F64B7005D4675 /* Release */ = {
			isa = XCBuildConfiguration;
			buildSettings = {
				ALWAYS_SEARCH_USER_PATHS = NO;
				ASSETCATALOG_COMPILER_GENERATE_SWIFT_ASSET_SYMBOL_EXTENSIONS = YES;
				CLANG_ANALYZER_NONNULL = YES;
				CLANG_ANALYZER_NUMBER_OBJECT_CONVERSION = YES_AGGRESSIVE;
				CLANG_CXX_LANGUAGE_STANDARD = "gnu++20";
				CLANG_ENABLE_MODULES = YES;
				CLANG_ENABLE_OBJC_ARC = YES;
				CLANG_ENABLE_OBJC_WEAK = YES;
				CLANG_WARN_BLOCK_CAPTURE_AUTORELEASING = YES;
				CLANG_WARN_BOOL_CONVERSION = YES;
				CLANG_WARN_COMMA = YES;
				CLANG_WARN_CONSTANT_CONVERSION = YES;
				CLANG_WARN_DEPRECATED_OBJC_IMPLEMENTATIONS = YES;
				CLANG_WARN_DIRECT_OBJC_ISA_USAGE = YES_ERROR;
				CLANG_WARN_DOCUMENTATION_COMMENTS = YES;
				CLANG_WARN_EMPTY_BODY = YES;
				CLANG_WARN_ENUM_CONVERSION = YES;
				CLANG_WARN_INFINITE_RECURSION = YES;
				CLANG_WARN_INT_CONVERSION = YES;
				CLANG_WARN_NON_LITERAL_NULL_CONVERSION = YES;
				CLANG_WARN_OBJC_IMPLICIT_RETAIN_SELF = YES;
				CLANG_WARN_OBJC_LITERAL_CONVERSION = YES;
				CLANG_WARN_OBJC_ROOT_CLASS = YES_ERROR;
				CLANG_WARN_QUOTED_INCLUDE_IN_FRAMEWORK_HEADER = YES;
				CLANG_WARN_RANGE_LOOP_ANALYSIS = YES;
				CLANG_WARN_STRICT_PROTOTYPES = YES;
				CLANG_WARN_SUSPICIOUS_MOVE = YES;
				CLANG_WARN_UNGUARDED_AVAILABILITY = YES_AGGRESSIVE;
				CLANG_WARN_UNREACHABLE_CODE = YES;
				CLANG_WARN__DUPLICATE_METHOD_MATCH = YES;
				COPY_PHASE_STRIP = NO;
				DEBUG_INFORMATION_FORMAT = "dwarf-with-dsym";
				DEVELOPMENT_TEAM = NS237SS5KD;
				ENABLE_NS_ASSERTIONS = NO;
				ENABLE_STRICT_OBJC_MSGSEND = YES;
				ENABLE_USER_SCRIPT_SANDBOXING = YES;
				GCC_C_LANGUAGE_STANDARD = gnu17;
				GCC_NO_COMMON_BLOCKS = YES;
				GCC_WARN_64_TO_32_BIT_CONVERSION = YES;
				GCC_WARN_ABOUT_RETURN_TYPE = YES_ERROR;
				GCC_WARN_UNDECLARED_SELECTOR = YES;
				GCC_WARN_UNINITIALIZED_AUTOS = YES_AGGRESSIVE;
				GCC_WARN_UNUSED_FUNCTION = YES;
				GCC_WARN_UNUSED_VARIABLE = YES;
				IPHONEOS_DEPLOYMENT_TARGET = 18.5;
				LOCALIZATION_PREFERS_STRING_CATALOGS = YES;
				MTL_ENABLE_DEBUG_INFO = NO;
				MTL_FAST_MATH = YES;
				SDKROOT = iphoneos;
				SWIFT_COMPILATION_MODE = wholemodule;
				VALIDATE_PRODUCT = YES;
			};
			name = Release;
		};
		B2E94DD12F0F64B7005D4675 /* Debug */ = {
			isa = XCBuildConfiguration;
			buildSettings = {
				ASSETCATALOG_COMPILER_APPICON_NAME = AppIcon;
				ASSETCATALOG_COMPILER_GLOBAL_ACCENT_COLOR_NAME = AccentColor;
				CODE_SIGN_ENTITLEMENTS = Dialed/Dialed.entitlements;
				CODE_SIGN_STYLE = Automatic;
				CURRENT_PROJECT_VERSION = 1;
				DEVELOPMENT_TEAM = NS237SS5KD;
				ENABLE_PREVIEWS = YES;
				GENERATE_INFOPLIST_FILE = YES;
				INFOPLIST_KEY_NSHealthShareUsageDescription = "Dialed needs access to your health data to automatically track sleep quality from RingConn, detect workouts from Apple Watch, and provide accurate daily scores.";
				INFOPLIST_KEY_UIApplicationSceneManifest_Generation = YES;
				INFOPLIST_KEY_UIApplicationSupportsIndirectInputEvents = YES;
				INFOPLIST_KEY_UILaunchScreen_Generation = YES;
				INFOPLIST_KEY_UISupportedInterfaceOrientations_iPad = "UIInterfaceOrientationPortrait UIInterfaceOrientationPortraitUpsideDown UIInterfaceOrientationLandscapeLeft UIInterfaceOrientationLandscapeRight";
				INFOPLIST_KEY_UISupportedInterfaceOrientations_iPhone = "UIInterfaceOrientationPortrait UIInterfaceOrientationLandscapeLeft UIInterfaceOrientationLandscapeRight";
				IPHONEOS_DEPLOYMENT_TARGET = 17.0;
				LD_RUNPATH_SEARCH_PATHS = (
					"$(inherited)",
					"@executable_path/Frameworks",
				);
				MARKETING_VERSION = 1.0;
				PRODUCT_BUNDLE_IDENTIFIER = org.robertwiscount.Dialed;
				PRODUCT_NAME = "$(TARGET_NAME)";
				SWIFT_EMIT_LOC_STRINGS = YES;
				SWIFT_VERSION = 5.0;
				TARGETED_DEVICE_FAMILY = "1,2";
			};
			name = Debug;
		};
		B2E94DD22F0F64B7005D4675 /* Release */ = {
			isa = XCBuildConfiguration;
			buildSettings = {
				ASSETCATALOG_COMPILER_APPICON_NAME = AppIcon;
				ASSETCATALOG_COMPILER_GLOBAL_ACCENT_COLOR_NAME = AccentColor;
				CODE_SIGN_ENTITLEMENTS = Dialed/Dialed.entitlements;
				CODE_SIGN_STYLE = Automatic;
				CURRENT_PROJECT_VERSION = 1;
				DEVELOPMENT_TEAM = NS237SS5KD;
				ENABLE_PREVIEWS = YES;
				GENERATE_INFOPLIST_FILE = YES;
				INFOPLIST_KEY_NSHealthShareUsageDescription = "Dialed needs access to your health data to automatically track sleep quality from RingConn, detect workouts from Apple Watch, and provide accurate daily scores.";
				INFOPLIST_KEY_UIApplicationSceneManifest_Generation = YES;
				INFOPLIST_KEY_UIApplicationSupportsIndirectInputEvents = YES;
				INFOPLIST_KEY_UILaunchScreen_Generation = YES;
				INFOPLIST_KEY_UISupportedInterfaceOrientations_iPad = "UIInterfaceOrientationPortrait UIInterfaceOrientationPortraitUpsideDown UIInterfaceOrientationLandscapeLeft UIInterfaceOrientationLandscapeRight";
				INFOPLIST_KEY_UISupportedInterfaceOrientations_iPhone = "UIInterfaceOrientationPortrait UIInterfaceOrientationLandscapeLeft UIInterfaceOrientationLandscapeRight";
				IPHONEOS_DEPLOYMENT_TARGET = 17.0;
				LD_RUNPATH_SEARCH_PATHS = (
					"$(inherited)",
					"@executable_path/Frameworks",
				);
				MARKETING_VERSION = 1.0;
				PRODUCT_BUNDLE_IDENTIFIER = org.robertwiscount.Dialed;
				PRODUCT_NAME = "$(TARGET_NAME)";
				SWIFT_EMIT_LOC_STRINGS = YES;
				SWIFT_VERSION = 5.0;
				TARGETED_DEVICE_FAMILY = "1,2";
			};
			name = Release;
		};
		B2E94DD42F0F64B7005D4675 /* Debug */ = {
			isa = XCBuildConfiguration;
			buildSettings = {
				BUNDLE_LOADER = "$(TEST_HOST)";
				CODE_SIGN_STYLE = Automatic;
				CURRENT_PROJECT_VERSION = 1;
				DEVELOPMENT_TEAM = NS237SS5KD;
				GENERATE_INFOPLIST_FILE = YES;
				IPHONEOS_DEPLOYMENT_TARGET = 18.5;
				MARKETING_VERSION = 1.0;
				PRODUCT_BUNDLE_IDENTIFIER = org.robertwiscount.DialedTests;
				PRODUCT_NAME = "$(TARGET_NAME)";
				SWIFT_EMIT_LOC_STRINGS = NO;
				SWIFT_VERSION = 5.0;
				TARGETED_DEVICE_FAMILY = "1,2";
				TEST_HOST = "$(BUILT_PRODUCTS_DIR)/Dialed.app/$(BUNDLE_EXECUTABLE_FOLDER_PATH)/Dialed";
			};
			name = Debug;
		};
		B2E94DD52F0F64B7005D4675 /* Release */ = {
			isa = XCBuildConfiguration;
			buildSettings = {
				BUNDLE_LOADER = "$(TEST_HOST)";
				CODE_SIGN_STYLE = Automatic;
				CURRENT_PROJECT_VERSION = 1;
				DEVELOPMENT_TEAM = NS237SS5KD;
				GENERATE_INFOPLIST_FILE = YES;
				IPHONEOS_DEPLOYMENT_TARGET = 18.5;
				MARKETING_VERSION = 1.0;
				PRODUCT_BUNDLE_IDENTIFIER = org.robertwiscount.DialedTests;
				PRODUCT_NAME = "$(TARGET_NAME)";
				SWIFT_EMIT_LOC_STRINGS = NO;
				SWIFT_VERSION = 5.0;
				TARGETED_DEVICE_FAMILY = "1,2";
				TEST_HOST = "$(BUILT_PRODUCTS_DIR)/Dialed.app/$(BUNDLE_EXECUTABLE_FOLDER_PATH)/Dialed";
			};
			name = Release;
		};
		B2E94DD72F0F64B7005D4675 /* Debug */ = {
			isa = XCBuildConfiguration;
			buildSettings = {
				CODE_SIGN_STYLE = Automatic;
				CURRENT_PROJECT_VERSION = 1;
				DEVELOPMENT_TEAM = NS237SS5KD;
				GENERATE_INFOPLIST_FILE = YES;
				MARKETING_VERSION = 1.0;
				PRODUCT_BUNDLE_IDENTIFIER = org.robertwiscount.DialedUITests;
				PRODUCT_NAME = "$(TARGET_NAME)";
				SWIFT_EMIT_LOC_STRINGS = NO;
				SWIFT_VERSION = 5.0;
				TARGETED_DEVICE_FAMILY = "1,2";
				TEST_TARGET_NAME = Dialed;
			};
			name = Debug;
		};
		B2E94DD82F0F64B7005D4675 /* Release */ = {
			isa = XCBuildConfiguration;
			buildSettings = {
				CODE_SIGN_STYLE = Automatic;
				CURRENT_PROJECT_VERSION = 1;
				DEVELOPMENT_TEAM = NS237SS5KD;
				GENERATE_INFOPLIST_FILE = YES;
				MARKETING_VERSION = 1.0;
				PRODUCT_BUNDLE_IDENTIFIER = org.robertwiscount.DialedUITests;
				PRODUCT_NAME = "$(TARGET_NAME)";
				SWIFT_EMIT_LOC_STRINGS = NO;
				SWIFT_VERSION = 5.0;
				TARGETED_DEVICE_FAMILY = "1,2";
				TEST_TARGET_NAME = Dialed;
			};
			name = Release;
		};
/* End XCBuildConfiguration section */

/* Begin XCConfigurationList section */
		B2E94DAA2F0F64B2005D4675 /* Build configuration list for PBXProject "Dialed" */ = {
			isa = XCConfigurationList;
			buildConfigurations = (
				B2E94DCE2F0F64B7005D4675 /* Debug */,
				B2E94DCF2F0F64B7005D4675 /* Release */,
			);
			defaultConfigurationIsVisible = 0;
			defaultConfigurationName = Release;
		};
		B2E94DD02F0F64B7005D4675 /* Build configuration list for PBXNativeTarget "Dialed" */ = {
			isa = XCConfigurationList;
			buildConfigurations = (
				B2E94DD12F0F64B7005D4675 /* Debug */,
				B2E94DD22F0F64B7005D4675 /* Release */,
			);
			defaultConfigurationIsVisible = 0;
			defaultConfigurationName = Release;
		};
		B2E94DD32F0F64B7005D4675 /* Build configuration list for PBXNativeTarget "DialedTests" */ = {
			isa = XCConfigurationList;
			buildConfigurations = (
				B2E94DD42F0F64B7005D4675 /* Debug */,
				B2E94DD52F0F64B7005D4675 /* Release */,
			);
			defaultConfigurationIsVisible = 0;
			defaultConfigurationName = Release;
		};
		B2E94DD62F0F64B7005D4675 /* Build configuration list for PBXNativeTarget "DialedUITests" */ = {
			isa = XCConfigurationList;
			buildConfigurations = (
				B2E94DD72F0F64B7005D4675 /* Debug */,
				B2E94DD82F0F64B7005D4675 /* Release */,
			);
			defaultConfigurationIsVisible = 0;
			defaultConfigurationName = Release;
		};
/* End XCConfigurationList section */
	};
	rootObject = B2E94DA72F0F64B2005D4675 /* Project object */;
}
